
Microsoft Visual Studio Solution File, Format Version 12.00
# Visual Studio 15
VisualStudioVersion = 15.0.28307.757
MinimumVisualStudioVersion = 10.0.40219.1
Project("{8BC9CEB8-8B4A-11D0-8D11-00A0C91BC942}") = "DllHelper", "DllHelper\DllHelper.vcxproj", "{37F00FD8-1DE4-4D3C-8E43-9B40321F1210}"
EndProject
Project("{8BC9CEB8-8B4A-11D0-8D11-00A0C91BC942}") = "ExampleModuleImpl", "ExampleModuleImpl\ExampleModuleImpl.vcxproj", "{94C94C90-5FCD-485D-BD90-F8C6BF0ECDE8}"
EndProject
Global
	GlobalSection(SolutionConfigurationPlatforms) = preSolution
		Debug|x64 = Debug|x64
		Debug|x86 = Debug|x86
		Release|x64 = Release|x64
		Release|x86 = Release|x86
	EndGlobalSection
	GlobalSection(ProjectConfigurationPlatforms) = postSolution
		{37F00FD8-1DE4-4D3C-8E43-9B40321F1210}.Debug|x64.ActiveCfg = Debug|x64
		{37F00FD8-1DE4-4D3C-8E43-9B40321F1210}.Debug|x64.Build.0 = Debug|x64
		{37F00FD8-1DE4-4D3C-8E43-9B40321F1210}.Debug|x86.ActiveCfg = Debug|Win32
		{37F00FD8-1DE4-4D3C-8E43-9B40321F1210}.Debug|x86.Build.0 = Debug|Win32
		{37F00FD8-1DE4-4D3C-8E43-9B40321F1210}.Release|x64.ActiveCfg = Release|x64
		{37F00FD8-1DE4-4D3C-8E43-9B40321F1210}.Release|x64.Build.0 = Release|x64
		{37F00FD8-1DE4-4D3C-8E43-9B40321F1210}.Release|x86.ActiveCfg = Release|Win32
		{37F00FD8-1DE4-4D3C-8E43-9B40321F1210}.Release|x86.Build.0 = Release|Win32
		{94C94C90-5FCD-485D-BD90-F8C6BF0ECDE8}.Debug|x64.ActiveCfg = Debug|x64
		{94C94C90-5FCD-485D-BD90-F8C6BF0ECDE8}.Debug|x64.Build.0 = Debug|x64
		{94C94C90-5FCD-485D-BD90-F8C6BF0ECDE8}.Debug|x86.ActiveCfg = Debug|Win32
		{94C94C90-5FCD-485D-BD90-F8C6BF0ECDE8}.Debug|x86.Build.0 = Debug|Win32
		{94C94C90-5FCD-485D-BD90-F8C6BF0ECDE8}.Release|x64.ActiveCfg = Release|x64
		{94C94C90-5FCD-485D-BD90-F8C6BF0ECDE8}.Release|x64.Build.0 = Release|x64
		{94C94C90-5FCD-485D-BD90-F8C6BF0ECDE8}.Release|x86.ActiveCfg = Release|Win32
		{94C94C90-5FCD-485D-BD90-F8C6BF0ECDE8}.Release|x86.Build.0 = Release|Win32
	EndGlobalSection
	GlobalSection(SolutionProperties) = preSolution
		HideSolutionNode = FALSE
	EndGlobalSection
	GlobalSection(ExtensibilityGlobals) = postSolution
		SolutionGuid = {700E56F7-B3B9-4380-B9C6-552970E76D6C}
	EndGlobalSection
EndGlobal
